
Microsoft Visual Studio Solution File, Format Version 12.00
# Visual Studio Version 16
VisualStudioVersion = 16.0.34601.136
MinimumVisualStudioVersion = 10.0.40219.1
Project("{FAE04EC0-301F-11D3-BF4B-00C04F79EFBC}") = "PromptSearchTool", "PromptSearchTool\PromptSearchTool.csproj", "{CF39285F-BFB5-43BE-83F1-51F740E85CFA}"
EndProject
Global
	GlobalSection(SolutionConfigurationPlatforms) = preSolution
		Debug|Any CPU = Debug|Any CPU
		Release|Any CPU = Release|Any CPU
	EndGlobalSection
	GlobalSection(ProjectConfigurationPlatforms) = postSolution
		{CF39285F-BFB5-43BE-83F1-51F740E85CFA}.Debug|Any CPU.ActiveCfg = Debug|Any CPU
		{CF39285F-BFB5-43BE-83F1-51F740E85CFA}.Debug|Any CPU.Build.0 = Debug|Any CPU
		{CF39285F-BFB5-43BE-83F1-51F740E85CFA}.Release|Any CPU.ActiveCfg = Release|Any CPU
		{CF39285F-BFB5-43BE-83F1-51F740E85CFA}.Release|Any CPU.Build.0 = Release|Any CPU
	EndGlobalSection
	GlobalSection(SolutionProperties) = preSolution
		HideSolutionNode = FALSE
	EndGlobalSection
	GlobalSection(ExtensibilityGlobals) = postSolution
		SolutionGuid = {841BEB01-2704-48C3-81D3-CC86698585C5}
	EndGlobalSection
EndGlobal
