
Microsoft Visual Studio Solution File, Format Version 12.00
# Visual Studio Version 17
VisualStudioVersion = 17.10.34916.146
MinimumVisualStudioVersion = 10.0.40219.1
Project("{FAE04EC0-301F-11D3-BF4B-00C04F79EFBC}") = "PromptSearchTool", "PromptSearchTool\PromptSearchTool.csproj", "{B29BD3BB-AE96-4854-84FD-61CFB8DE00BA}"
EndProject
Global
	GlobalSection(SolutionConfigurationPlatforms) = preSolution
		Debug|Any CPU = Debug|Any CPU
		Release|Any CPU = Release|Any CPU
	EndGlobalSection
	GlobalSection(ProjectConfigurationPlatforms) = postSolution
		{B29BD3BB-AE96-4854-84FD-61CFB8DE00BA}.Debug|Any CPU.ActiveCfg = Debug|Any CPU
		{B29BD3BB-AE96-4854-84FD-61CFB8DE00BA}.Debug|Any CPU.Build.0 = Debug|Any CPU
		{B29BD3BB-AE96-4854-84FD-61CFB8DE00BA}.Release|Any CPU.ActiveCfg = Release|Any CPU
		{B29BD3BB-AE96-4854-84FD-61CFB8DE00BA}.Release|Any CPU.Build.0 = Release|Any CPU
	EndGlobalSection
	GlobalSection(SolutionProperties) = preSolution
		HideSolutionNode = FALSE
	EndGlobalSection
	GlobalSection(ExtensibilityGlobals) = postSolution
		SolutionGuid = {E456D4DC-B94A-4E72-AD29-43F4DAE6CAB5}
	EndGlobalSection
EndGlobal
